// !$*UTF8*$!
{
	archiveVersion = 1;
	classes = {
	};
	objectVersion = 56;
	objects = {

/* Begin PBXBuildFile section */
		FAB88EE82A52552B00569E1F /* AppDelegate.swift in Sources */ = {isa = PBXBuildFile; fileRef = FAB88EE72A52552B00569E1F /* AppDelegate.swift */; };
		FAB88EEA2A52552B00569E1F /* SceneDelegate.swift in Sources */ = {isa = PBXBuildFile; fileRef = FAB88EE92A52552B00569E1F /* SceneDelegate.swift */; };
		FAB88EEC2A52552B00569E1F /* ViewController.swift in Sources */ = {isa = PBXBuildFile; fileRef = FAB88EEB2A52552B00569E1F /* ViewController.swift */; };
		FAB88EEF2A52552B00569E1F /* Main.storyboard in Resources */ = {isa = PBXBuildFile; fileRef = FAB88EED2A52552B00569E1F /* Main.storyboard */; };
		FAB88EF22A52552B00569E1F /* Nora.xcdatamodeld in Sources */ = {isa = PBXBuildFile; fileRef = FAB88EF02A52552B00569E1F /* Nora.xcdatamodeld */; };
		FAB88EF42A52552E00569E1F /* Assets.xcassets in Resources */ = {isa = PBXBuildFile; fileRef = FAB88EF32A52552E00569E1F /* Assets.xcassets */; };
		FAB88EF72A52552E00569E1F /* LaunchScreen.storyboard in Resources */ = {isa = PBXBuildFile; fileRef = FAB88EF52A52552E00569E1F /* LaunchScreen.storyboard */; };
		FAB88F022A52552E00569E1F /* NoraTests.swift in Sources */ = {isa = PBXBuildFile; fileRef = FAB88F012A52552E00569E1F /* NoraTests.swift */; };
		FAB88F0C2A52552E00569E1F /* NoraUITests.swift in Sources */ = {isa = PBXBuildFile; fileRef = FAB88F0B2A52552E00569E1F /* NoraUITests.swift */; };
		FAB88F0E2A52552E00569E1F /* NoraUITestsLaunchTests.swift in Sources */ = {isa = PBXBuildFile; fileRef = FAB88F0D2A52552E00569E1F /* NoraUITestsLaunchTests.swift */; };
/* End PBXBuildFile section */

/* Begin PBXContainerItemProxy section */
		FAB88EFE2A52552E00569E1F /* PBXContainerItemProxy */ = {
			isa = PBXContainerItemProxy;
			containerPortal = FAB88EDC2A52552B00569E1F /* Project object */;
			proxyType = 1;
			remoteGlobalIDString = FAB88EE32A52552B00569E1F;
			remoteInfo = Nora;
		};
		FAB88F082A52552E00569E1F /* PBXContainerItemProxy */ = {
			isa = PBXContainerItemProxy;
			containerPortal = FAB88EDC2A52552B00569E1F /* Project object */;
			proxyType = 1;
			remoteGlobalIDString = FAB88EE32A52552B00569E1F;
			remoteInfo = Nora;
		};
/* End PBXContainerItemProxy section */

/* Begin PBXFileReference section */
		FAB88EE42A52552B00569E1F /* Nora.app */ = {isa = PBXFileReference; explicitFileType = wrapper.application; includeInIndex = 0; path = Nora.app; sourceTree = BUILT_PRODUCTS_DIR; };
		FAB88EE72A52552B00569E1F /* AppDelegate.swift */ = {isa = PBXFileReference; lastKnownFileType = sourcecode.swift; path = AppDelegate.swift; sourceTree = "<group>"; };
		FAB88EE92A52552B00569E1F /* SceneDelegate.swift */ = {isa = PBXFileReference; lastKnownFileType = sourcecode.swift; path = SceneDelegate.swift; sourceTree = "<group>"; };
		FAB88EEB2A52552B00569E1F /* ViewController.swift */ = {isa = PBXFileReference; lastKnownFileType = sourcecode.swift; path = ViewController.swift; sourceTree = "<group>"; };
		FAB88EEE2A52552B00569E1F /* Base */ = {isa = PBXFileReference; lastKnownFileType = file.storyboard; name = Base; path = Base.lproj/Main.storyboard; sourceTree = "<group>"; };
		FAB88EF12A52552B00569E1F /* Nora.xcdatamodel */ = {isa = PBXFileReference; lastKnownFileType = wrapper.xcdatamodel; path = Nora.xcdatamodel; sourceTree = "<group>"; };
		FAB88EF32A52552E00569E1F /* Assets.xcassets */ = {isa = PBXFileReference; lastKnownFileType = folder.assetcatalog; path = Assets.xcassets; sourceTree = "<group>"; };
		FAB88EF62A52552E00569E1F /* Base */ = {isa = PBXFileReference; lastKnownFileType = file.storyboard; name = Base; path = Base.lproj/LaunchScreen.storyboard; sourceTree = "<group>"; };
		FAB88EF82A52552E00569E1F /* Info.plist */ = {isa = PBXFileReference; lastKnownFileType = text.plist.xml; path = Info.plist; sourceTree = "<group>"; };
		FAB88EFD2A52552E00569E1F /* NoraTests.xctest */ = {isa = PBXFileReference; explicitFileType = wrapper.cfbundle; includeInIndex = 0; path = NoraTests.xctest; sourceTree = BUILT_PRODUCTS_DIR; };
		FAB88F012A52552E00569E1F /* NoraTests.swift */ = {isa = PBXFileReference; lastKnownFileType = sourcecode.swift; path = NoraTests.swift; sourceTree = "<group>"; };
		FAB88F072A52552E00569E1F /* NoraUITests.xctest */ = {isa = PBXFileReference; explicitFileType = wrapper.cfbundle; includeInIndex = 0; path = NoraUITests.xctest; sourceTree = BUILT_PRODUCTS_DIR; };
		FAB88F0B2A52552E00569E1F /* NoraUITests.swift */ = {isa = PBXFileReference; lastKnownFileType = sourcecode.swift; path = NoraUITests.swift; sourceTree = "<group>"; };
		FAB88F0D2A52552E00569E1F /* NoraUITestsLaunchTests.swift */ = {isa = PBXFileReference; lastKnownFileType = sourcecode.swift; path = NoraUITestsLaunchTests.swift; sourceTree = "<group>"; };
/* End PBXFileReference section */

/* Begin PBXFrameworksBuildPhase section */
		FAB88EE12A52552B00569E1F /* Frameworks */ = {
			isa = PBXFrameworksBuildPhase;
			buildActionMask = 2147483647;
			files = (
			);
			runOnlyForDeploymentPostprocessing = 0;
		};
		FAB88EFA2A52552E00569E1F /* Frameworks */ = {
			isa = PBXFrameworksBuildPhase;
			buildActionMask = 2147483647;
			files = (
			);
			runOnlyForDeploymentPostprocessing = 0;
		};
		FAB88F042A52552E00569E1F /* Frameworks */ = {
			isa = PBXFrameworksBuildPhase;
			buildActionMask = 2147483647;
			files = (
			);
			runOnlyForDeploymentPostprocessing = 0;
		};
/* End PBXFrameworksBuildPhase section */

/* Begin PBXGroup section */
		FAB88EDB2A52552B00569E1F = {
			isa = PBXGroup;
			children = (
				FAB88EE62A52552B00569E1F /* Nora */,
				FAB88F002A52552E00569E1F /* NoraTests */,
				FAB88F0A2A52552E00569E1F /* NoraUITests */,
				FAB88EE52A52552B00569E1F /* Products */,
			);
			sourceTree = "<group>";
		};
		FAB88EE52A52552B00569E1F /* Products */ = {
			isa = PBXGroup;
			children = (
				FAB88EE42A52552B00569E1F /* Nora.app */,
				FAB88EFD2A52552E00569E1F /* NoraTests.xctest */,
				FAB88F072A52552E00569E1F /* NoraUITests.xctest */,
			);
			name = Products;
			sourceTree = "<group>";
		};
		FAB88EE62A52552B00569E1F /* Nora */ = {
			isa = PBXGroup;
			children = (
				FAB88EE72A52552B00569E1F /* AppDelegate.swift */,
				FAB88EE92A52552B00569E1F /* SceneDelegate.swift */,
				FAB88EEB2A52552B00569E1F /* ViewController.swift */,
				FAB88EED2A52552B00569E1F /* Main.storyboard */,
				FAB88EF32A52552E00569E1F /* Assets.xcassets */,
				FAB88EF52A52552E00569E1F /* LaunchScreen.storyboard */,
				FAB88EF82A52552E00569E1F /* Info.plist */,
				FAB88EF02A52552B00569E1F /* Nora.xcdatamodeld */,
			);
			path = Nora;
			sourceTree = "<group>";
		};
		FAB88F002A52552E00569E1F /* NoraTests */ = {
			isa = PBXGroup;
			children = (
				FAB88F012A52552E00569E1F /* NoraTests.swift */,
			);
			path = NoraTests;
			sourceTree = "<group>";
		};
		FAB88F0A2A52552E00569E1F /* NoraUITests */ = {
			isa = PBXGroup;
			children = (
				FAB88F0B2A52552E00569E1F /* NoraUITests.swift */,
				FAB88F0D2A52552E00569E1F /* NoraUITestsLaunchTests.swift */,
			);
			path = NoraUITests;
			sourceTree = "<group>";
		};
/* End PBXGroup section */

/* Begin PBXNativeTarget section */
		FAB88EE32A52552B00569E1F /* Nora */ = {
			isa = PBXNativeTarget;
			buildConfigurationList = FAB88F112A52552E00569E1F /* Build configuration list for PBXNativeTarget "Nora" */;
			buildPhases = (
				FAB88EE02A52552B00569E1F /* Sources */,
				FAB88EE12A52552B00569E1F /* Frameworks */,
				FAB88EE22A52552B00569E1F /* Resources */,
			);
			buildRules = (
			);
			dependencies = (
			);
			name = Nora;
			productName = Nora;
			productReference = FAB88EE42A52552B00569E1F /* Nora.app */;
			productType = "com.apple.product-type.application";
		};
		FAB88EFC2A52552E00569E1F /* NoraTests */ = {
			isa = PBXNativeTarget;
			buildConfigurationList = FAB88F142A52552E00569E1F /* Build configuration list for PBXNativeTarget "NoraTests" */;
			buildPhases = (
				FAB88EF92A52552E00569E1F /* Sources */,
				FAB88EFA2A52552E00569E1F /* Frameworks */,
				FAB88EFB2A52552E00569E1F /* Resources */,
			);
			buildRules = (
			);
			dependencies = (
				FAB88EFF2A52552E00569E1F /* PBXTargetDependency */,
			);
			name = NoraTests;
			productName = NoraTests;
			productReference = FAB88EFD2A52552E00569E1F /* NoraTests.xctest */;
			productType = "com.apple.product-type.bundle.unit-test";
		};
		FAB88F062A52552E00569E1F /* NoraUITests */ = {
			isa = PBXNativeTarget;
			buildConfigurationList = FAB88F172A52552E00569E1F /* Build configuration list for PBXNativeTarget "NoraUITests" */;
			buildPhases = (
				FAB88F032A52552E00569E1F /* Sources */,
				FAB88F042A52552E00569E1F /* Frameworks */,
				FAB88F052A52552E00569E1F /* Resources */,
			);
			buildRules = (
			);
			dependencies = (
				FAB88F092A52552E00569E1F /* PBXTargetDependency */,
			);
			name = NoraUITests;
			productName = NoraUITests;
			productReference = FAB88F072A52552E00569E1F /* NoraUITests.xctest */;
			productType = "com.apple.product-type.bundle.ui-testing";
		};
/* End PBXNativeTarget section */

/* Begin PBXProject section */
		FAB88EDC2A52552B00569E1F /* Project object */ = {
			isa = PBXProject;
			attributes = {
				BuildIndependentTargetsInParallel = 1;
				LastSwiftUpdateCheck = 1430;
				LastUpgradeCheck = 1430;
				TargetAttributes = {
					FAB88EE32A52552B00569E1F = {
						CreatedOnToolsVersion = 14.3.1;
					};
					FAB88EFC2A52552E00569E1F = {
						CreatedOnToolsVersion = 14.3.1;
						TestTargetID = FAB88EE32A52552B00569E1F;
					};
					FAB88F062A52552E00569E1F = {
						CreatedOnToolsVersion = 14.3.1;
						TestTargetID = FAB88EE32A52552B00569E1F;
					};
				};
			};
			buildConfigurationList = FAB88EDF2A52552B00569E1F /* Build configuration list for PBXProject "Nora" */;
			compatibilityVersion = "Xcode 14.0";
			developmentRegion = en;
			hasScannedForEncodings = 0;
			knownRegions = (
				en,
				Base,
			);
			mainGroup = FAB88EDB2A52552B00569E1F;
			productRefGroup = FAB88EE52A52552B00569E1F /* Products */;
			projectDirPath = "";
			projectRoot = "";
			targets = (
				FAB88EE32A52552B00569E1F /* Nora */,
				FAB88EFC2A52552E00569E1F /* NoraTests */,
				FAB88F062A52552E00569E1F /* NoraUITests */,
			);
		};
/* End PBXProject section */

/* Begin PBXResourcesBuildPhase section */
		FAB88EE22A52552B00569E1F /* Resources */ = {
			isa = PBXResourcesBuildPhase;
			buildActionMask = 2147483647;
			files = (
				FAB88EF72A52552E00569E1F /* LaunchScreen.storyboard in Resources */,
				FAB88EF42A52552E00569E1F /* Assets.xcassets in Resources */,
				FAB88EEF2A52552B00569E1F /* Main.storyboard in Resources */,
			);
			runOnlyForDeploymentPostprocessing = 0;
		};
		FAB88EFB2A52552E00569E1F /* Resources */ = {
			isa = PBXResourcesBuildPhase;
			buildActionMask = 2147483647;
			files = (
			);
			runOnlyForDeploymentPostprocessing = 0;
		};
		FAB88F052A52552E00569E1F /* Resources */ = {
			isa = PBXResourcesBuildPhase;
			buildActionMask = 2147483647;
			files = (
			);
			runOnlyForDeploymentPostprocessing = 0;
		};
/* End PBXResourcesBuildPhase section */

/* Begin PBXSourcesBuildPhase section */
		FAB88EE02A52552B00569E1F /* Sources */ = {
			isa = PBXSourcesBuildPhase;
			buildActionMask = 2147483647;
			files = (
				FAB88EEC2A52552B00569E1F /* ViewController.swift in Sources */,
				FAB88EF22A52552B00569E1F /* Nora.xcdatamodeld in Sources */,
				FAB88EE82A52552B00569E1F /* AppDelegate.swift in Sources */,
				FAB88EEA2A52552B00569E1F /* SceneDelegate.swift in Sources */,
			);
			runOnlyForDeploymentPostprocessing = 0;
		};
		FAB88EF92A52552E00569E1F /* Sources */ = {
			isa = PBXSourcesBuildPhase;
			buildActionMask = 2147483647;
			files = (
				FAB88F022A52552E00569E1F /* NoraTests.swift in Sources */,
			);
			runOnlyForDeploymentPostprocessing = 0;
		};
		FAB88F032A52552E00569E1F /* Sources */ = {
			isa = PBXSourcesBuildPhase;
			buildActionMask = 2147483647;
			files = (
				FAB88F0E2A52552E00569E1F /* NoraUITestsLaunchTests.swift in Sources */,
				FAB88F0C2A52552E00569E1F /* NoraUITests.swift in Sources */,
			);
			runOnlyForDeploymentPostprocessing = 0;
		};
/* End PBXSourcesBuildPhase section */

/* Begin PBXTargetDependency section */
		FAB88EFF2A52552E00569E1F /* PBXTargetDependency */ = {
			isa = PBXTargetDependency;
			target = FAB88EE32A52552B00569E1F /* Nora */;
			targetProxy = FAB88EFE2A52552E00569E1F /* PBXContainerItemProxy */;
		};
		FAB88F092A52552E00569E1F /* PBXTargetDependency */ = {
			isa = PBXTargetDependency;
			target = FAB88EE32A52552B00569E1F /* Nora */;
			targetProxy = FAB88F082A52552E00569E1F /* PBXContainerItemProxy */;
		};
/* End PBXTargetDependency section */

/* Begin PBXVariantGroup section */
		FAB88EED2A52552B00569E1F /* Main.storyboard */ = {
			isa = PBXVariantGroup;
			children = (
				FAB88EEE2A52552B00569E1F /* Base */,
			);
			name = Main.storyboard;
			sourceTree = "<group>";
		};
		FAB88EF52A52552E00569E1F /* LaunchScreen.storyboard */ = {
			isa = PBXVariantGroup;
			children = (
				FAB88EF62A52552E00569E1F /* Base */,
			);
			name = LaunchScreen.storyboard;
			sourceTree = "<group>";
		};
/* End PBXVariantGroup section */

/* Begin XCBuildConfiguration section */
		FAB88F0F2A52552E00569E1F /* Debug */ = {
			isa = XCBuildConfiguration;
			buildSettings = {
				ALWAYS_SEARCH_USER_PATHS = NO;
				CLANG_ANALYZER_NONNULL = YES;
				CLANG_ANALYZER_NUMBER_OBJECT_CONVERSION = YES_AGGRESSIVE;
				CLANG_CXX_LANGUAGE_STANDARD = "gnu++20";
				CLANG_ENABLE_MODULES = YES;
				CLANG_ENABLE_OBJC_ARC = YES;
				CLANG_ENABLE_OBJC_WEAK = YES;
				CLANG_WARN_BLOCK_CAPTURE_AUTORELEASING = YES;
				CLANG_WARN_BOOL_CONVERSION = YES;
				CLANG_WARN_COMMA = YES;
				CLANG_WARN_CONSTANT_CONVERSION = YES;
				CLANG_WARN_DEPRECATED_OBJC_IMPLEMENTATIONS = YES;
				CLANG_WARN_DIRECT_OBJC_ISA_USAGE = YES_ERROR;
				CLANG_WARN_DOCUMENTATION_COMMENTS = YES;
				CLANG_WARN_EMPTY_BODY = YES;
				CLANG_WARN_ENUM_CONVERSION = YES;
				CLANG_WARN_INFINITE_RECURSION = YES;
				CLANG_WARN_INT_CONVERSION = YES;
				CLANG_WARN_NON_LITERAL_NULL_CONVERSION = YES;
				CLANG_WARN_OBJC_IMPLICIT_RETAIN_SELF = YES;
				CLANG_WARN_OBJC_LITERAL_CONVERSION = YES;
				CLANG_WARN_OBJC_ROOT_CLASS = YES_ERROR;
				CLANG_WARN_QUOTED_INCLUDE_IN_FRAMEWORK_HEADER = YES;
				CLANG_WARN_RANGE_LOOP_ANALYSIS = YES;
				CLANG_WARN_STRICT_PROTOTYPES = YES;
				CLANG_WARN_SUSPICIOUS_MOVE = YES;
				CLANG_WARN_UNGUARDED_AVAILABILITY = YES_AGGRESSIVE;
				CLANG_WARN_UNREACHABLE_CODE = YES;
				CLANG_WARN__DUPLICATE_METHOD_MATCH = YES;
				COPY_PHASE_STRIP = NO;
				DEBUG_INFORMATION_FORMAT = dwarf;
				ENABLE_STRICT_OBJC_MSGSEND = YES;
				ENABLE_TESTABILITY = YES;
				GCC_C_LANGUAGE_STANDARD = gnu11;
				GCC_DYNAMIC_NO_PIC = NO;
				GCC_NO_COMMON_BLOCKS = YES;
				GCC_OPTIMIZATION_LEVEL = 0;
				GCC_PREPROCESSOR_DEFINITIONS = (
					"DEBUG=1",
					"$(inherited)",
				);
				GCC_WARN_64_TO_32_BIT_CONVERSION = YES;
				GCC_WARN_ABOUT_RETURN_TYPE = YES_ERROR;
				GCC_WARN_UNDECLARED_SELECTOR = YES;
				GCC_WARN_UNINITIALIZED_AUTOS = YES_AGGRESSIVE;
				GCC_WARN_UNUSED_FUNCTION = YES;
				GCC_WARN_UNUSED_VARIABLE = YES;
				IPHONEOS_DEPLOYMENT_TARGET = 16.4;
				MTL_ENABLE_DEBUG_INFO = INCLUDE_SOURCE;
				MTL_FAST_MATH = YES;
				ONLY_ACTIVE_ARCH = YES;
				SDKROOT = iphoneos;
				SWIFT_ACTIVE_COMPILATION_CONDITIONS = DEBUG;
				SWIFT_OPTIMIZATION_LEVEL = "-Onone";
			};
			name = Debug;
		};
		FAB88F102A52552E00569E1F /* Release */ = {
			isa = XCBuildConfiguration;
			buildSettings = {
				ALWAYS_SEARCH_USER_PATHS = NO;
				CLANG_ANALYZER_NONNULL = YES;
				CLANG_ANALYZER_NUMBER_OBJECT_CONVERSION = YES_AGGRESSIVE;
				CLANG_CXX_LANGUAGE_STANDARD = "gnu++20";
				CLANG_ENABLE_MODULES = YES;
				CLANG_ENABLE_OBJC_ARC = YES;
				CLANG_ENABLE_OBJC_WEAK = YES;
				CLANG_WARN_BLOCK_CAPTURE_AUTORELEASING = YES;
				CLANG_WARN_BOOL_CONVERSION = YES;
				CLANG_WARN_COMMA = YES;
				CLANG_WARN_CONSTANT_CONVERSION = YES;
				CLANG_WARN_DEPRECATED_OBJC_IMPLEMENTATIONS = YES;
				CLANG_WARN_DIRECT_OBJC_ISA_USAGE = YES_ERROR;
				CLANG_WARN_DOCUMENTATION_COMMENTS = YES;
				CLANG_WARN_EMPTY_BODY = YES;
				CLANG_WARN_ENUM_CONVERSION = YES;
				CLANG_WARN_INFINITE_RECURSION = YES;
				CLANG_WARN_INT_CONVERSION = YES;
				CLANG_WARN_NON_LITERAL_NULL_CONVERSION = YES;
				CLANG_WARN_OBJC_IMPLICIT_RETAIN_SELF = YES;
				CLANG_WARN_OBJC_LITERAL_CONVERSION = YES;
				CLANG_WARN_OBJC_ROOT_CLASS = YES_ERROR;
				CLANG_WARN_QUOTED_INCLUDE_IN_FRAMEWORK_HEADER = YES;
				CLANG_WARN_RANGE_LOOP_ANALYSIS = YES;
				CLANG_WARN_STRICT_PROTOTYPES = YES;
				CLANG_WARN_SUSPICIOUS_MOVE = YES;
				CLANG_WARN_UNGUARDED_AVAILABILITY = YES_AGGRESSIVE;
				CLANG_WARN_UNREACHABLE_CODE = YES;
				CLANG_WARN__DUPLICATE_METHOD_MATCH = YES;
				COPY_PHASE_STRIP = NO;
				DEBUG_INFORMATION_FORMAT = "dwarf-with-dsym";
				ENABLE_NS_ASSERTIONS = NO;
				ENABLE_STRICT_OBJC_MSGSEND = YES;
				GCC_C_LANGUAGE_STANDARD = gnu11;
				GCC_NO_COMMON_BLOCKS = YES;
				GCC_WARN_64_TO_32_BIT_CONVERSION = YES;
				GCC_WARN_ABOUT_RETURN_TYPE = YES_ERROR;
				GCC_WARN_UNDECLARED_SELECTOR = YES;
				GCC_WARN_UNINITIALIZED_AUTOS = YES_AGGRESSIVE;
				GCC_WARN_UNUSED_FUNCTION = YES;
				GCC_WARN_UNUSED_VARIABLE = YES;
				IPHONEOS_DEPLOYMENT_TARGET = 16.4;
				MTL_ENABLE_DEBUG_INFO = NO;
				MTL_FAST_MATH = YES;
				SDKROOT = iphoneos;
				SWIFT_COMPILATION_MODE = wholemodule;
				SWIFT_OPTIMIZATION_LEVEL = "-O";
				VALIDATE_PRODUCT = YES;
			};
			name = Release;
		};
		FAB88F122A52552E00569E1F /* Debug */ = {
			isa = XCBuildConfiguration;
			buildSettings = {
				ASSETCATALOG_COMPILER_APPICON_NAME = AppIcon;
				ASSETCATALOG_COMPILER_GLOBAL_ACCENT_COLOR_NAME = AccentColor;
				CODE_SIGN_STYLE = Automatic;
				CURRENT_PROJECT_VERSION = 1;
				DEVELOPMENT_TEAM = TX4WW8TVSW;
				GENERATE_INFOPLIST_FILE = YES;
				INFOPLIST_FILE = Nora/Info.plist;
				INFOPLIST_KEY_UIApplicationSupportsIndirectInputEvents = YES;
				INFOPLIST_KEY_UILaunchStoryboardName = LaunchScreen;
				INFOPLIST_KEY_UIMainStoryboardFile = Main;
				INFOPLIST_KEY_UISupportedInterfaceOrientations_iPad = "UIInterfaceOrientationPortrait UIInterfaceOrientationPortraitUpsideDown UIInterfaceOrientationLandscapeLeft UIInterfaceOrientationLandscapeRight";
				INFOPLIST_KEY_UISupportedInterfaceOrientations_iPhone = "UIInterfaceOrientationPortrait UIInterfaceOrientationLandscapeLeft UIInterfaceOrientationLandscapeRight";
				LD_RUNPATH_SEARCH_PATHS = (
					"$(inherited)",
					"@executable_path/Frameworks",
				);
				MARKETING_VERSION = 1.0;
				PRODUCT_BUNDLE_IDENTIFIER = org.alexwayne.Nora;
				PRODUCT_NAME = "$(TARGET_NAME)";
				SWIFT_EMIT_LOC_STRINGS = YES;
				SWIFT_VERSION = 5.0;
				TARGETED_DEVICE_FAMILY = "1,2";
			};
			name = Debug;
		};
		FAB88F132A52552E00569E1F /* Release */ = {
			isa = XCBuildConfiguration;
			buildSettings = {
				ASSETCATALOG_COMPILER_APPICON_NAME = AppIcon;
				ASSETCATALOG_COMPILER_GLOBAL_ACCENT_COLOR_NAME = AccentColor;
				CODE_SIGN_STYLE = Automatic;
				CURRENT_PROJECT_VERSION = 1;
				DEVELOPMENT_TEAM = TX4WW8TVSW;
				GENERATE_INFOPLIST_FILE = YES;
				INFOPLIST_FILE = Nora/Info.plist;
				INFOPLIST_KEY_UIApplicationSupportsIndirectInputEvents = YES;
				INFOPLIST_KEY_UILaunchStoryboardName = LaunchScreen;
				INFOPLIST_KEY_UIMainStoryboardFile = Main;
				INFOPLIST_KEY_UISupportedInterfaceOrientations_iPad = "UIInterfaceOrientationPortrait UIInterfaceOrientationPortraitUpsideDown UIInterfaceOrientationLandscapeLeft UIInterfaceOrientationLandscapeRight";
				INFOPLIST_KEY_UISupportedInterfaceOrientations_iPhone = "UIInterfaceOrientationPortrait UIInterfaceOrientationLandscapeLeft UIInterfaceOrientationLandscapeRight";
				LD_RUNPATH_SEARCH_PATHS = (
					"$(inherited)",
					"@executable_path/Frameworks",
				);
				MARKETING_VERSION = 1.0;
				PRODUCT_BUNDLE_IDENTIFIER = org.alexwayne.Nora;
				PRODUCT_NAME = "$(TARGET_NAME)";
				SWIFT_EMIT_LOC_STRINGS = YES;
				SWIFT_VERSION = 5.0;
				TARGETED_DEVICE_FAMILY = "1,2";
			};
			name = Release;
		};
		FAB88F152A52552E00569E1F /* Debug */ = {
			isa = XCBuildConfiguration;
			buildSettings = {
				ALWAYS_EMBED_SWIFT_STANDARD_LIBRARIES = YES;
				BUNDLE_LOADER = "$(TEST_HOST)";
				CODE_SIGN_STYLE = Automatic;
				CURRENT_PROJECT_VERSION = 1;
				DEVELOPMENT_TEAM = TX4WW8TVSW;
				GENERATE_INFOPLIST_FILE = YES;
				IPHONEOS_DEPLOYMENT_TARGET = 16.4;
				MARKETING_VERSION = 1.0;
				PRODUCT_BUNDLE_IDENTIFIER = org.alexwayne.NoraTests;
				PRODUCT_NAME = "$(TARGET_NAME)";
				SWIFT_EMIT_LOC_STRINGS = NO;
				SWIFT_VERSION = 5.0;
				TARGETED_DEVICE_FAMILY = "1,2";
				TEST_HOST = "$(BUILT_PRODUCTS_DIR)/Nora.app/$(BUNDLE_EXECUTABLE_FOLDER_PATH)/Nora";
			};
			name = Debug;
		};
		FAB88F162A52552E00569E1F /* Release */ = {
			isa = XCBuildConfiguration;
			buildSettings = {
				ALWAYS_EMBED_SWIFT_STANDARD_LIBRARIES = YES;
				BUNDLE_LOADER = "$(TEST_HOST)";
				CODE_SIGN_STYLE = Automatic;
				CURRENT_PROJECT_VERSION = 1;
				DEVELOPMENT_TEAM = TX4WW8TVSW;
				GENERATE_INFOPLIST_FILE = YES;
				IPHONEOS_DEPLOYMENT_TARGET = 16.4;
				MARKETING_VERSION = 1.0;
				PRODUCT_BUNDLE_IDENTIFIER = org.alexwayne.NoraTests;
				PRODUCT_NAME = "$(TARGET_NAME)";
				SWIFT_EMIT_LOC_STRINGS = NO;
				SWIFT_VERSION = 5.0;
				TARGETED_DEVICE_FAMILY = "1,2";
				TEST_HOST = "$(BUILT_PRODUCTS_DIR)/Nora.app/$(BUNDLE_EXECUTABLE_FOLDER_PATH)/Nora";
			};
			name = Release;
		};
		FAB88F182A52552E00569E1F /* Debug */ = {
			isa = XCBuildConfiguration;
			buildSettings = {
				ALWAYS_EMBED_SWIFT_STANDARD_LIBRARIES = YES;
				CODE_SIGN_STYLE = Automatic;
				CURRENT_PROJECT_VERSION = 1;
				DEVELOPMENT_TEAM = TX4WW8TVSW;
				GENERATE_INFOPLIST_FILE = YES;
				MARKETING_VERSION = 1.0;
				PRODUCT_BUNDLE_IDENTIFIER = org.alexwayne.NoraUITests;
				PRODUCT_NAME = "$(TARGET_NAME)";
				SWIFT_EMIT_LOC_STRINGS = NO;
				SWIFT_VERSION = 5.0;
				TARGETED_DEVICE_FAMILY = "1,2";
				TEST_TARGET_NAME = Nora;
			};
			name = Debug;
		};
		FAB88F192A52552E00569E1F /* Release */ = {
			isa = XCBuildConfiguration;
			buildSettings = {
				ALWAYS_EMBED_SWIFT_STANDARD_LIBRARIES = YES;
				CODE_SIGN_STYLE = Automatic;
				CURRENT_PROJECT_VERSION = 1;
				DEVELOPMENT_TEAM = TX4WW8TVSW;
				GENERATE_INFOPLIST_FILE = YES;
				MARKETING_VERSION = 1.0;
				PRODUCT_BUNDLE_IDENTIFIER = org.alexwayne.NoraUITests;
				PRODUCT_NAME = "$(TARGET_NAME)";
				SWIFT_EMIT_LOC_STRINGS = NO;
				SWIFT_VERSION = 5.0;
				TARGETED_DEVICE_FAMILY = "1,2";
				TEST_TARGET_NAME = Nora;
			};
			name = Release;
		};
/* End XCBuildConfiguration section */

/* Begin XCConfigurationList section */
		FAB88EDF2A52552B00569E1F /* Build configuration list for PBXProject "Nora" */ = {
			isa = XCConfigurationList;
			buildConfigurations = (
				FAB88F0F2A52552E00569E1F /* Debug */,
				FAB88F102A52552E00569E1F /* Release */,
			);
			defaultConfigurationIsVisible = 0;
			defaultConfigurationName = Release;
		};
		FAB88F112A52552E00569E1F /* Build configuration list for PBXNativeTarget "Nora" */ = {
			isa = XCConfigurationList;
			buildConfigurations = (
				FAB88F122A52552E00569E1F /* Debug */,
				FAB88F132A52552E00569E1F /* Release */,
			);
			defaultConfigurationIsVisible = 0;
			defaultConfigurationName = Release;
		};
		FAB88F142A52552E00569E1F /* Build configuration list for PBXNativeTarget "NoraTests" */ = {
			isa = XCConfigurationList;
			buildConfigurations = (
				FAB88F152A52552E00569E1F /* Debug */,
				FAB88F162A52552E00569E1F /* Release */,
			);
			defaultConfigurationIsVisible = 0;
			defaultConfigurationName = Release;
		};
		FAB88F172A52552E00569E1F /* Build configuration list for PBXNativeTarget "NoraUITests" */ = {
			isa = XCConfigurationList;
			buildConfigurations = (
				FAB88F182A52552E00569E1F /* Debug */,
				FAB88F192A52552E00569E1F /* Release */,
			);
			defaultConfigurationIsVisible = 0;
			defaultConfigurationName = Release;
		};
/* End XCConfigurationList section */

/* Begin XCVersionGroup section */
		FAB88EF02A52552B00569E1F /* Nora.xcdatamodeld */ = {
			isa = XCVersionGroup;
			children = (
				FAB88EF12A52552B00569E1F /* Nora.xcdatamodel */,
			);
			currentVersion = FAB88EF12A52552B00569E1F /* Nora.xcdatamodel */;
			path = Nora.xcdatamodeld;
			sourceTree = "<group>";
			versionGroupType = wrapper.xcdatamodel;
		};
/* End XCVersionGroup section */
	};
	rootObject = FAB88EDC2A52552B00569E1F /* Project object */;
}
